<Solution>
  <Folder Name="/Solution Items/">
    <File Path=".editorconfig" />
    <File Path="AGENTS.md" />
    <File Path="Analyzers.ruleset" />
    <File Path="CLAUDE.md" />
    <File Path="Directory.Build.props" />
    <File Path="Directory.Build.targets" />
    <File Path="LICENSE" />
    <File Path="README.md" />
    <File Path="Serverless.sln.DotSettings" />
  </Folder>
  <Project Path="Serverless.IaC/Serverless.IaC.csproj" />
</Solution>
